github.com/lib/pq v1.12.3 h1:tTWxr2YLKwIvK90ZXEw8GP7UFHtcbTtty8zsI+YjrfQ=
github.com/lib/pq v1.12.3/go.mod h1:/p+8NSbOcwzAEI7wiMXFlgydTwcgTr3OSKMsD2BitpA=
webtyp.com/ddl v0.0.15 h1:8E1M8W09sG+kILT+cvMThAU+/ZO7rqTd7Fd1v3YYmB0=
webtyp.com/ddl v0.0.15/go.mod h1:X5q0n8KY1iw+QkpyLPFZk11b665TUVdpQTd0IpQFbVk=
webtyp.com/fmt v1.0.0 h1:W0vMMGC6ezg1q2LarAEaVnNvZ26hVqzZdQQH1wcNogM=
webtyp.com/fmt v1.0.0/go.mod h1:FmTxx713R45J21kbH5JOmKGaaCap3fJPA9Yl2n4Ch7U=
webtyp.com/model v0.1.9 h1:XpkNiIQbIVaFrbh4E/UqdIutHFNA92//KSP4M/owaSQ=
webtyp.com/model v0.1.9/go.mod h1:OkyYeE3GOG8eAQGhd9wVsORAhr+xYj3q8avpoGXG25c=
webtyp.com/storage v0.0.8 h1:yc4z9/67RxxLVfMBam7pVrQOF9AQYaKnUcx693Nj3qw=
webtyp.com/storage v0.0.8/go.mod h1:CjNQUZR19Rczs5G8BO886jYKWf5LBNyJKVK7oostqpQ=
